
Microsoft Visual Studio Solution File, Format Version 12.00
# Visual Studio Version 17
VisualStudioVersion = 17.11.35219.272
MinimumVisualStudioVersion = 10.0.40219.1
Project("{9A19103F-16F7-4668-BE54-9A1E7A4F7556}") = "TAFESA Enrolment System", "TAFESA Enrolment System.csproj", "{70D03FE1-A496-4EF0-B1D9-A05B36C51621}"
EndProject
Project("{FAE04EC0-301F-11D3-BF4B-00C04F79EFBC}") = "TAFESA_Enrolment_System.Tests", "..\TAFESA_Enrolment_System.Tests\TAFESA_Enrolment_System.Tests.csproj", "{322A2FD6-E6C1-4E13-8948-6EFFF87EF986}"
EndProject
Global
	GlobalSection(SolutionConfigurationPlatforms) = preSolution
		Debug|Any CPU = Debug|Any CPU
		Release|Any CPU = Release|Any CPU
	EndGlobalSection
	GlobalSection(ProjectConfigurationPlatforms) = postSolution
		{70D03FE1-A496-4EF0-B1D9-A05B36C51621}.Debug|Any CPU.ActiveCfg = Debug|Any CPU
		{70D03FE1-A496-4EF0-B1D9-A05B36C51621}.Debug|Any CPU.Build.0 = Debug|Any CPU
		{70D03FE1-A496-4EF0-B1D9-A05B36C51621}.Release|Any CPU.ActiveCfg = Release|Any CPU
		{70D03FE1-A496-4EF0-B1D9-A05B36C51621}.Release|Any CPU.Build.0 = Release|Any CPU
		{322A2FD6-E6C1-4E13-8948-6EFFF87EF986}.Debug|Any CPU.ActiveCfg = Debug|Any CPU
		{322A2FD6-E6C1-4E13-8948-6EFFF87EF986}.Debug|Any CPU.Build.0 = Debug|Any CPU
		{322A2FD6-E6C1-4E13-8948-6EFFF87EF986}.Release|Any CPU.ActiveCfg = Release|Any CPU
		{322A2FD6-E6C1-4E13-8948-6EFFF87EF986}.Release|Any CPU.Build.0 = Release|Any CPU
	EndGlobalSection
	GlobalSection(SolutionProperties) = preSolution
		HideSolutionNode = FALSE
	EndGlobalSection
	GlobalSection(ExtensibilityGlobals) = postSolution
		SolutionGuid = {DFB04EBF-5727-4D2C-AED0-6BC01D3A6550}
	EndGlobalSection
EndGlobal
